// !$*UTF8*$!
{
	archiveVersion = 1;
	classes = {
	};
	objectVersion = 56;
	objects = {

/* Begin PBXBuildFile section */
		FA2C35F62B269B0600816CBD /* AppDelegate.swift in Sources */ = {isa = PBXBuildFile; fileRef = FA2C35F52B269B0600816CBD /* AppDelegate.swift */; };
		FA2C35F82B269B0600816CBD /* SceneDelegate.swift in Sources */ = {isa = PBXBuildFile; fileRef = FA2C35F72B269B0600816CBD /* SceneDelegate.swift */; };
		FA2C35FA2B269B0600816CBD /* ViewController.swift in Sources */ = {isa = PBXBuildFile; fileRef = FA2C35F92B269B0600816CBD /* ViewController.swift */; };
		FA2C35FD2B269B0600816CBD /* Main.storyboard in Resources */ = {isa = PBXBuildFile; fileRef = FA2C35FB2B269B0600816CBD /* Main.storyboard */; };
		FA2C35FF2B269B0700816CBD /* Assets.xcassets in Resources */ = {isa = PBXBuildFile; fileRef = FA2C35FE2B269B0700816CBD /* Assets.xcassets */; };
		FA2C36022B269B0700816CBD /* LaunchScreen.storyboard in Resources */ = {isa = PBXBuildFile; fileRef = FA2C36002B269B0700816CBD /* LaunchScreen.storyboard */; };
		FA2C360B2B269B8100816CBD /* HealthKitStorage.swift in Sources */ = {isa = PBXBuildFile; fileRef = FA2C360A2B269B8100816CBD /* HealthKitStorage.swift */; };
		FA2C360D2B26A59D00816CBD /* CoreMotionService.swift in Sources */ = {isa = PBXBuildFile; fileRef = FA2C360C2B26A59D00816CBD /* CoreMotionService.swift */; };
/* End PBXBuildFile section */

/* Begin PBXFileReference section */
		FA2C35F22B269B0600816CBD /* steps.app */ = {isa = PBXFileReference; explicitFileType = wrapper.application; includeInIndex = 0; path = steps.app; sourceTree = BUILT_PRODUCTS_DIR; };
		FA2C35F52B269B0600816CBD /* AppDelegate.swift */ = {isa = PBXFileReference; lastKnownFileType = sourcecode.swift; path = AppDelegate.swift; sourceTree = "<group>"; };
		FA2C35F72B269B0600816CBD /* SceneDelegate.swift */ = {isa = PBXFileReference; lastKnownFileType = sourcecode.swift; path = SceneDelegate.swift; sourceTree = "<group>"; };
		FA2C35F92B269B0600816CBD /* ViewController.swift */ = {isa = PBXFileReference; lastKnownFileType = sourcecode.swift; path = ViewController.swift; sourceTree = "<group>"; };
		FA2C35FC2B269B0600816CBD /* Base */ = {isa = PBXFileReference; lastKnownFileType = file.storyboard; name = Base; path = Base.lproj/Main.storyboard; sourceTree = "<group>"; };
		FA2C35FE2B269B0700816CBD /* Assets.xcassets */ = {isa = PBXFileReference; lastKnownFileType = folder.assetcatalog; path = Assets.xcassets; sourceTree = "<group>"; };
		FA2C36012B269B0700816CBD /* Base */ = {isa = PBXFileReference; lastKnownFileType = file.storyboard; name = Base; path = Base.lproj/LaunchScreen.storyboard; sourceTree = "<group>"; };
		FA2C36032B269B0700816CBD /* Info.plist */ = {isa = PBXFileReference; lastKnownFileType = text.plist.xml; path = Info.plist; sourceTree = "<group>"; };
		FA2C36092B269B5500816CBD /* steps.entitlements */ = {isa = PBXFileReference; lastKnownFileType = text.plist.entitlements; path = steps.entitlements; sourceTree = "<group>"; };
		FA2C360A2B269B8100816CBD /* HealthKitStorage.swift */ = {isa = PBXFileReference; lastKnownFileType = sourcecode.swift; path = HealthKitStorage.swift; sourceTree = "<group>"; };
		FA2C360C2B26A59D00816CBD /* CoreMotionService.swift */ = {isa = PBXFileReference; lastKnownFileType = sourcecode.swift; path = CoreMotionService.swift; sourceTree = "<group>"; };
/* End PBXFileReference section */

/* Begin PBXFrameworksBuildPhase section */
		FA2C35EF2B269B0600816CBD /* Frameworks */ = {
			isa = PBXFrameworksBuildPhase;
			buildActionMask = 2147483647;
			files = (
			);
			runOnlyForDeploymentPostprocessing = 0;
		};
/* End PBXFrameworksBuildPhase section */

/* Begin PBXGroup section */
		FA2C35E92B269B0600816CBD = {
			isa = PBXGroup;
			children = (
				FA2C35F42B269B0600816CBD /* steps */,
				FA2C35F32B269B0600816CBD /* Products */,
			);
			sourceTree = "<group>";
		};
		FA2C35F32B269B0600816CBD /* Products */ = {
			isa = PBXGroup;
			children = (
				FA2C35F22B269B0600816CBD /* steps.app */,
			);
			name = Products;
			sourceTree = "<group>";
		};
		FA2C35F42B269B0600816CBD /* steps */ = {
			isa = PBXGroup;
			children = (
				FA2C36092B269B5500816CBD /* steps.entitlements */,
				FA2C35F52B269B0600816CBD /* AppDelegate.swift */,
				FA2C35F72B269B0600816CBD /* SceneDelegate.swift */,
				FA2C35F92B269B0600816CBD /* ViewController.swift */,
				FA2C360A2B269B8100816CBD /* HealthKitStorage.swift */,
				FA2C360C2B26A59D00816CBD /* CoreMotionService.swift */,
				FA2C35FB2B269B0600816CBD /* Main.storyboard */,
				FA2C35FE2B269B0700816CBD /* Assets.xcassets */,
				FA2C36002B269B0700816CBD /* LaunchScreen.storyboard */,
				FA2C36032B269B0700816CBD /* Info.plist */,
			);
			path = steps;
			sourceTree = "<group>";
		};
/* End PBXGroup section */

/* Begin PBXNativeTarget section */
		FA2C35F12B269B0600816CBD /* steps */ = {
			isa = PBXNativeTarget;
			buildConfigurationList = FA2C36062B269B0700816CBD /* Build configuration list for PBXNativeTarget "steps" */;
			buildPhases = (
				FA2C35EE2B269B0600816CBD /* Sources */,
				FA2C35EF2B269B0600816CBD /* Frameworks */,
				FA2C35F02B269B0600816CBD /* Resources */,
			);
			buildRules = (
			);
			dependencies = (
			);
			name = steps;
			productName = steps;
			productReference = FA2C35F22B269B0600816CBD /* steps.app */;
			productType = "com.apple.product-type.application";
		};
/* End PBXNativeTarget section */

/* Begin PBXProject section */
		FA2C35EA2B269B0600816CBD /* Project object */ = {
			isa = PBXProject;
			attributes = {
				BuildIndependentTargetsInParallel = 1;
				LastSwiftUpdateCheck = 1500;
				LastUpgradeCheck = 1500;
				TargetAttributes = {
					FA2C35F12B269B0600816CBD = {
						CreatedOnToolsVersion = 15.0;
					};
				};
			};
			buildConfigurationList = FA2C35ED2B269B0600816CBD /* Build configuration list for PBXProject "steps" */;
			compatibilityVersion = "Xcode 14.0";
			developmentRegion = en;
			hasScannedForEncodings = 0;
			knownRegions = (
				en,
				Base,
			);
			mainGroup = FA2C35E92B269B0600816CBD;
			productRefGroup = FA2C35F32B269B0600816CBD /* Products */;
			projectDirPath = "";
			projectRoot = "";
			targets = (
				FA2C35F12B269B0600816CBD /* steps */,
			);
		};
/* End PBXProject section */

/* Begin PBXResourcesBuildPhase section */
		FA2C35F02B269B0600816CBD /* Resources */ = {
			isa = PBXResourcesBuildPhase;
			buildActionMask = 2147483647;
			files = (
				FA2C36022B269B0700816CBD /* LaunchScreen.storyboard in Resources */,
				FA2C35FF2B269B0700816CBD /* Assets.xcassets in Resources */,
				FA2C35FD2B269B0600816CBD /* Main.storyboard in Resources */,
			);
			runOnlyForDeploymentPostprocessing = 0;
		};
/* End PBXResourcesBuildPhase section */

/* Begin PBXSourcesBuildPhase section */
		FA2C35EE2B269B0600816CBD /* Sources */ = {
			isa = PBXSourcesBuildPhase;
			buildActionMask = 2147483647;
			files = (
				FA2C360B2B269B8100816CBD /* HealthKitStorage.swift in Sources */,
				FA2C35FA2B269B0600816CBD /* ViewController.swift in Sources */,
				FA2C35F62B269B0600816CBD /* AppDelegate.swift in Sources */,
				FA2C360D2B26A59D00816CBD /* CoreMotionService.swift in Sources */,
				FA2C35F82B269B0600816CBD /* SceneDelegate.swift in Sources */,
			);
			runOnlyForDeploymentPostprocessing = 0;
		};
/* End PBXSourcesBuildPhase section */

/* Begin PBXVariantGroup section */
		FA2C35FB2B269B0600816CBD /* Main.storyboard */ = {
			isa = PBXVariantGroup;
			children = (
				FA2C35FC2B269B0600816CBD /* Base */,
			);
			name = Main.storyboard;
			sourceTree = "<group>";
		};
		FA2C36002B269B0700816CBD /* LaunchScreen.storyboard */ = {
			isa = PBXVariantGroup;
			children = (
				FA2C36012B269B0700816CBD /* Base */,
			);
			name = LaunchScreen.storyboard;
			sourceTree = "<group>";
		};
/* End PBXVariantGroup section */

/* Begin XCBuildConfiguration section */
		FA2C36042B269B0700816CBD /* Debug */ = {
			isa = XCBuildConfiguration;
			buildSettings = {
				ALWAYS_SEARCH_USER_PATHS = NO;
				ASSETCATALOG_COMPILER_GENERATE_SWIFT_ASSET_SYMBOL_EXTENSIONS = YES;
				CLANG_ANALYZER_NONNULL = YES;
				CLANG_ANALYZER_NUMBER_OBJECT_CONVERSION = YES_AGGRESSIVE;
				CLANG_CXX_LANGUAGE_STANDARD = "gnu++20";
				CLANG_ENABLE_MODULES = YES;
				CLANG_ENABLE_OBJC_ARC = YES;
				CLANG_ENABLE_OBJC_WEAK = YES;
				CLANG_WARN_BLOCK_CAPTURE_AUTORELEASING = YES;
				CLANG_WARN_BOOL_CONVERSION = YES;
				CLANG_WARN_COMMA = YES;
				CLANG_WARN_CONSTANT_CONVERSION = YES;
				CLANG_WARN_DEPRECATED_OBJC_IMPLEMENTATIONS = YES;
				CLANG_WARN_DIRECT_OBJC_ISA_USAGE = YES_ERROR;
				CLANG_WARN_DOCUMENTATION_COMMENTS = YES;
				CLANG_WARN_EMPTY_BODY = YES;
				CLANG_WARN_ENUM_CONVERSION = YES;
				CLANG_WARN_INFINITE_RECURSION = YES;
				CLANG_WARN_INT_CONVERSION = YES;
				CLANG_WARN_NON_LITERAL_NULL_CONVERSION = YES;
				CLANG_WARN_OBJC_IMPLICIT_RETAIN_SELF = YES;
				CLANG_WARN_OBJC_LITERAL_CONVERSION = YES;
				CLANG_WARN_OBJC_ROOT_CLASS = YES_ERROR;
				CLANG_WARN_QUOTED_INCLUDE_IN_FRAMEWORK_HEADER = YES;
				CLANG_WARN_RANGE_LOOP_ANALYSIS = YES;
				CLANG_WARN_STRICT_PROTOTYPES = YES;
				CLANG_WARN_SUSPICIOUS_MOVE = YES;
				CLANG_WARN_UNGUARDED_AVAILABILITY = YES_AGGRESSIVE;
				CLANG_WARN_UNREACHABLE_CODE = YES;
				CLANG_WARN__DUPLICATE_METHOD_MATCH = YES;
				COPY_PHASE_STRIP = NO;
				DEBUG_INFORMATION_FORMAT = dwarf;
				ENABLE_STRICT_OBJC_MSGSEND = YES;
				ENABLE_TESTABILITY = YES;
				ENABLE_USER_SCRIPT_SANDBOXING = YES;
				GCC_C_LANGUAGE_STANDARD = gnu17;
				GCC_DYNAMIC_NO_PIC = NO;
				GCC_NO_COMMON_BLOCKS = YES;
				GCC_OPTIMIZATION_LEVEL = 0;
				GCC_PREPROCESSOR_DEFINITIONS = (
					"DEBUG=1",
					"$(inherited)",
				);
				GCC_WARN_64_TO_32_BIT_CONVERSION = YES;
				GCC_WARN_ABOUT_RETURN_TYPE = YES_ERROR;
				GCC_WARN_UNDECLARED_SELECTOR = YES;
				GCC_WARN_UNINITIALIZED_AUTOS = YES_AGGRESSIVE;
				GCC_WARN_UNUSED_FUNCTION = YES;
				GCC_WARN_UNUSED_VARIABLE = YES;
				IPHONEOS_DEPLOYMENT_TARGET = 17.0;
				LOCALIZATION_PREFERS_STRING_CATALOGS = YES;
				MTL_ENABLE_DEBUG_INFO = INCLUDE_SOURCE;
				MTL_FAST_MATH = YES;
				ONLY_ACTIVE_ARCH = YES;
				SDKROOT = iphoneos;
				SWIFT_ACTIVE_COMPILATION_CONDITIONS = "DEBUG $(inherited)";
				SWIFT_OPTIMIZATION_LEVEL = "-Onone";
			};
			name = Debug;
		};
		FA2C36052B269B0700816CBD /* Release */ = {
			isa = XCBuildConfiguration;
			buildSettings = {
				ALWAYS_SEARCH_USER_PATHS = NO;
				ASSETCATALOG_COMPILER_GENERATE_SWIFT_ASSET_SYMBOL_EXTENSIONS = YES;
				CLANG_ANALYZER_NONNULL = YES;
				CLANG_ANALYZER_NUMBER_OBJECT_CONVERSION = YES_AGGRESSIVE;
				CLANG_CXX_LANGUAGE_STANDARD = "gnu++20";
				CLANG_ENABLE_MODULES = YES;
				CLANG_ENABLE_OBJC_ARC = YES;
				CLANG_ENABLE_OBJC_WEAK = YES;
				CLANG_WARN_BLOCK_CAPTURE_AUTORELEASING = YES;
				CLANG_WARN_BOOL_CONVERSION = YES;
				CLANG_WARN_COMMA = YES;
				CLANG_WARN_CONSTANT_CONVERSION = YES;
				CLANG_WARN_DEPRECATED_OBJC_IMPLEMENTATIONS = YES;
				CLANG_WARN_DIRECT_OBJC_ISA_USAGE = YES_ERROR;
				CLANG_WARN_DOCUMENTATION_COMMENTS = YES;
				CLANG_WARN_EMPTY_BODY = YES;
				CLANG_WARN_ENUM_CONVERSION = YES;
				CLANG_WARN_INFINITE_RECURSION = YES;
				CLANG_WARN_INT_CONVERSION = YES;
				CLANG_WARN_NON_LITERAL_NULL_CONVERSION = YES;
				CLANG_WARN_OBJC_IMPLICIT_RETAIN_SELF = YES;
				CLANG_WARN_OBJC_LITERAL_CONVERSION = YES;
				CLANG_WARN_OBJC_ROOT_CLASS = YES_ERROR;
				CLANG_WARN_QUOTED_INCLUDE_IN_FRAMEWORK_HEADER = YES;
				CLANG_WARN_RANGE_LOOP_ANALYSIS = YES;
				CLANG_WARN_STRICT_PROTOTYPES = YES;
				CLANG_WARN_SUSPICIOUS_MOVE = YES;
				CLANG_WARN_UNGUARDED_AVAILABILITY = YES_AGGRESSIVE;
				CLANG_WARN_UNREACHABLE_CODE = YES;
				CLANG_WARN__DUPLICATE_METHOD_MATCH = YES;
				COPY_PHASE_STRIP = NO;
				DEBUG_INFORMATION_FORMAT = "dwarf-with-dsym";
				ENABLE_NS_ASSERTIONS = NO;
				ENABLE_STRICT_OBJC_MSGSEND = YES;
				ENABLE_USER_SCRIPT_SANDBOXING = YES;
				GCC_C_LANGUAGE_STANDARD = gnu17;
				GCC_NO_COMMON_BLOCKS = YES;
				GCC_WARN_64_TO_32_BIT_CONVERSION = YES;
				GCC_WARN_ABOUT_RETURN_TYPE = YES_ERROR;
				GCC_WARN_UNDECLARED_SELECTOR = YES;
				GCC_WARN_UNINITIALIZED_AUTOS = YES_AGGRESSIVE;
				GCC_WARN_UNUSED_FUNCTION = YES;
				GCC_WARN_UNUSED_VARIABLE = YES;
				IPHONEOS_DEPLOYMENT_TARGET = 17.0;
				LOCALIZATION_PREFERS_STRING_CATALOGS = YES;
				MTL_ENABLE_DEBUG_INFO = NO;
				MTL_FAST_MATH = YES;
				SDKROOT = iphoneos;
				SWIFT_COMPILATION_MODE = wholemodule;
				VALIDATE_PRODUCT = YES;
			};
			name = Release;
		};
		FA2C36072B269B0700816CBD /* Debug */ = {
			isa = XCBuildConfiguration;
			buildSettings = {
				ASSETCATALOG_COMPILER_APPICON_NAME = AppIcon;
				ASSETCATALOG_COMPILER_GLOBAL_ACCENT_COLOR_NAME = AccentColor;
				CODE_SIGN_ENTITLEMENTS = steps/steps.entitlements;
				CODE_SIGN_STYLE = Automatic;
				CURRENT_PROJECT_VERSION = 1;
				DEVELOPMENT_TEAM = WJVGRM2SN6;
				GENERATE_INFOPLIST_FILE = YES;
				INFOPLIST_FILE = steps/Info.plist;
				INFOPLIST_KEY_UIApplicationSupportsIndirectInputEvents = YES;
				INFOPLIST_KEY_UILaunchStoryboardName = LaunchScreen;
				INFOPLIST_KEY_UIMainStoryboardFile = Main;
				INFOPLIST_KEY_UISupportedInterfaceOrientations_iPad = "UIInterfaceOrientationPortrait UIInterfaceOrientationPortraitUpsideDown UIInterfaceOrientationLandscapeLeft UIInterfaceOrientationLandscapeRight";
				INFOPLIST_KEY_UISupportedInterfaceOrientations_iPhone = "UIInterfaceOrientationPortrait UIInterfaceOrientationLandscapeLeft UIInterfaceOrientationLandscapeRight";
				LD_RUNPATH_SEARCH_PATHS = (
					"$(inherited)",
					"@executable_path/Frameworks",
				);
				MARKETING_VERSION = 1.0;
				PRODUCT_BUNDLE_IDENTIFIER = com.henry.steps;
				PRODUCT_NAME = "$(TARGET_NAME)";
				SWIFT_EMIT_LOC_STRINGS = YES;
				SWIFT_VERSION = 5.0;
				TARGETED_DEVICE_FAMILY = "1,2";
			};
			name = Debug;
		};
		FA2C36082B269B0700816CBD /* Release */ = {
			isa = XCBuildConfiguration;
			buildSettings = {
				ASSETCATALOG_COMPILER_APPICON_NAME = AppIcon;
				ASSETCATALOG_COMPILER_GLOBAL_ACCENT_COLOR_NAME = AccentColor;
				CODE_SIGN_ENTITLEMENTS = steps/steps.entitlements;
				CODE_SIGN_STYLE = Automatic;
				CURRENT_PROJECT_VERSION = 1;
				DEVELOPMENT_TEAM = WJVGRM2SN6;
				GENERATE_INFOPLIST_FILE = YES;
				INFOPLIST_FILE = steps/Info.plist;
				INFOPLIST_KEY_UIApplicationSupportsIndirectInputEvents = YES;
				INFOPLIST_KEY_UILaunchStoryboardName = LaunchScreen;
				INFOPLIST_KEY_UIMainStoryboardFile = Main;
				INFOPLIST_KEY_UISupportedInterfaceOrientations_iPad = "UIInterfaceOrientationPortrait UIInterfaceOrientationPortraitUpsideDown UIInterfaceOrientationLandscapeLeft UIInterfaceOrientationLandscapeRight";
				INFOPLIST_KEY_UISupportedInterfaceOrientations_iPhone = "UIInterfaceOrientationPortrait UIInterfaceOrientationLandscapeLeft UIInterfaceOrientationLandscapeRight";
				LD_RUNPATH_SEARCH_PATHS = (
					"$(inherited)",
					"@executable_path/Frameworks",
				);
				MARKETING_VERSION = 1.0;
				PRODUCT_BUNDLE_IDENTIFIER = com.henry.steps;
				PRODUCT_NAME = "$(TARGET_NAME)";
				SWIFT_EMIT_LOC_STRINGS = YES;
				SWIFT_VERSION = 5.0;
				TARGETED_DEVICE_FAMILY = "1,2";
			};
			name = Release;
		};
/* End XCBuildConfiguration section */

/* Begin XCConfigurationList section */
		FA2C35ED2B269B0600816CBD /* Build configuration list for PBXProject "steps" */ = {
			isa = XCConfigurationList;
			buildConfigurations = (
				FA2C36042B269B0700816CBD /* Debug */,
				FA2C36052B269B0700816CBD /* Release */,
			);
			defaultConfigurationIsVisible = 0;
			defaultConfigurationName = Release;
		};
		FA2C36062B269B0700816CBD /* Build configuration list for PBXNativeTarget "steps" */ = {
			isa = XCConfigurationList;
			buildConfigurations = (
				FA2C36072B269B0700816CBD /* Debug */,
				FA2C36082B269B0700816CBD /* Release */,
			);
			defaultConfigurationIsVisible = 0;
			defaultConfigurationName = Release;
		};
/* End XCConfigurationList section */
	};
	rootObject = FA2C35EA2B269B0600816CBD /* Project object */;
}
